name: Refresh Laravel 8 lock for PHP 8.2

on:
  push:
    branches:
      - claude/web-app-migration-laf9yy
    paths:
      - .github/workflows/refresh-laravel8-lock.yml

permissions:
  contents: write

jobs:
  refresh-lock:
    runs-on: ubuntu-latest
    steps:
      - name: Checkout production branch
        uses: actions/checkout@v4
        with:
          ref: claude/web-app-migration-laf9yy
          fetch-depth: 0

      - name: PHP 7.4 for legacy dev dependency resolution
        uses: shivammathur/setup-php@v2
        with:
          php-version: '7.4'
          extensions: mbstring, pdo_mysql, zip, bcmath, gd
          coverage: none

      - name: Refresh Laravel within supported 8.x
        run: |
          composer config --global audit.block-insecure false || true
          composer update laravel/framework --with-all-dependencies --no-interaction --prefer-dist --no-progress

      - name: PHP 8.2 production validation
        uses: shivammathur/setup-php@v2
        with:
          php-version: '8.2'
          extensions: mbstring, pdo_mysql, zip, bcmath, gd
          coverage: none

      - name: Validate production dependency set on PHP 8.2
        run: |
          rm -rf vendor
          composer install --no-dev --no-interaction --prefer-dist --no-progress --optimize-autoloader
          php artisan package:discover --ansi
          php artisan --version

      - name: Commit refreshed lock
        run: |
          if git diff --quiet -- composer.lock; then
            echo "composer.lock already compatible; no changes to commit"
            exit 0
          fi
          git config user.name "Jesús Olguín"
          git config user.email "47510848+jesus1942@users.noreply.github.com"
          git add composer.lock
          git commit -m "chore: refresh Laravel 8 lock for PHP 8.2 [skip ci]"
          git push origin HEAD:claude/web-app-migration-laf9yy
